
Microsoft Visual Studio Solution File, Format Version 12.00
# Visual Studio Version 16
VisualStudioVersion = 16.0.30330.147
MinimumVisualStudioVersion = 10.0.40219.1
Project("{D954291E-2A0B-460D-934E-DC6B0785DB48}") = "BepInEx.Logger", "Logger\BepInEx.Logger.shproj", "{32F6ED8C-0F9A-409D-A404-EE068789C72F}"
EndProject
Global
	GlobalSection(SharedMSBuildProjectFiles) = preSolution
		Logger\Logger.projitems*{32f6ed8c-0f9a-409d-a404-ee068789c72f}*SharedItemsImports = 13
	EndGlobalSection
	GlobalSection(SolutionProperties) = preSolution
		HideSolutionNode = FALSE
	EndGlobalSection
	GlobalSection(ExtensibilityGlobals) = postSolution
		SolutionGuid = {30E4CCF4-5BB0-49AD-A11F-58AA99DDAAAC}
	EndGlobalSection
EndGlobal
